github.com/mus-format/common-go v0.0.0-20240704141923-ea7d12c7eed3 h1:lq6NjZLxX27LghMjyTAZvt3c7Hi82VbhSuyTw3iYIDU=
github.com/mus-format/common-go v0.0.0-20240704141923-ea7d12c7eed3/go.mod h1:1hTb8w0YdSGIOU6wNY+e9uXnDZ9OQnUivNtd8cPSdoU=
github.com/ymz-ncnk/mok v0.2.0 h1:4xOvkG0EXDlr05ZTSeRzM2q5mbyNbALRqRoI+cTwUyc=
github.com/ymz-ncnk/mok v0.2.0/go.mod h1:VDVVGULp0vdJeD27SgJghOFGyD7w3nX7SDh8TOlvIsY=
golang.org/x/exp v0.0.0-20230515195305-f3d0a9c9a5cc h1:mCRnTeVUjcrhlRmO0VK8a6k6Rrf6TF9htwo2pJVSjIU=
golang.org/x/exp v0.0.0-20230515195305-f3d0a9c9a5cc/go.mod h1:V1LtkGg67GoY2N1AnLN78QLrzxkLyJw7RJb1gzOOz9w=
