github.com/mus-format/mus-common-go v0.0.0-20230517145153-b4c02f3abdaf h1:YrEGAqt+GINH8inp69Lth6wZO//8ZfjPjN/FUQPDuyo=
github.com/mus-format/mus-common-go v0.0.0-20230517145153-b4c02f3abdaf/go.mod h1:sL9Q5xrbsrFJ0WQRvf7/Ji1ljR3p8TrywHj0hQBscsc=
github.com/ymz-ncnk/mok v0.1.0 h1:GwOBkbcg1pznoDVLcS5uc2lA5UyT5TktFm7L/kyQNKQ=
github.com/ymz-ncnk/mok v0.1.0/go.mod h1:ieogm8yEogRr2OSLelrB38i4ZAWSmGhizWj9UQKm6+0=
golang.org/x/exp v0.0.0-20230515195305-f3d0a9c9a5cc h1:mCRnTeVUjcrhlRmO0VK8a6k6Rrf6TF9htwo2pJVSjIU=
golang.org/x/exp v0.0.0-20230515195305-f3d0a9c9a5cc/go.mod h1:V1LtkGg67GoY2N1AnLN78QLrzxkLyJw7RJb1gzOOz9w=
